
Microsoft Visual Studio Solution File, Format Version 12.00
# Visual Studio 15
VisualStudioVersion = 15.0.26730.15
MinimumVisualStudioVersion = 10.0.40219.1
Project("{FAE04EC0-301F-11D3-BF4B-00C04F79EFBC}") = "regexemon", "regexemon\regexemon.csproj", "{6947194F-7A82-4FCF-8093-B4286D74FC42}"
EndProject
Global
	GlobalSection(SolutionConfigurationPlatforms) = preSolution
		Debug|Any CPU = Debug|Any CPU
		Release|Any CPU = Release|Any CPU
	EndGlobalSection
	GlobalSection(ProjectConfigurationPlatforms) = postSolution
		{6947194F-7A82-4FCF-8093-B4286D74FC42}.Debug|Any CPU.ActiveCfg = Debug|Any CPU
		{6947194F-7A82-4FCF-8093-B4286D74FC42}.Debug|Any CPU.Build.0 = Debug|Any CPU
		{6947194F-7A82-4FCF-8093-B4286D74FC42}.Release|Any CPU.ActiveCfg = Release|Any CPU
		{6947194F-7A82-4FCF-8093-B4286D74FC42}.Release|Any CPU.Build.0 = Release|Any CPU
	EndGlobalSection
	GlobalSection(SolutionProperties) = preSolution
		HideSolutionNode = FALSE
	EndGlobalSection
	GlobalSection(ExtensibilityGlobals) = postSolution
		SolutionGuid = {76292B00-5C23-418B-AE79-E235DC71C031}
	EndGlobalSection
EndGlobal
