
Microsoft Visual Studio Solution File, Format Version 12.00
# Visual Studio 15
VisualStudioVersion = 15.0.26730.15
MinimumVisualStudioVersion = 10.0.40219.1
Project("{FAE04EC0-301F-11D3-BF4B-00C04F79EFBC}") = "ladybugs", "ladybugs\ladybugs.csproj", "{0B17F829-2D6E-4500-ADC9-E12A0E2CD954}"
EndProject
Global
	GlobalSection(SolutionConfigurationPlatforms) = preSolution
		Debug|Any CPU = Debug|Any CPU
		Release|Any CPU = Release|Any CPU
	EndGlobalSection
	GlobalSection(ProjectConfigurationPlatforms) = postSolution
		{0B17F829-2D6E-4500-ADC9-E12A0E2CD954}.Debug|Any CPU.ActiveCfg = Debug|Any CPU
		{0B17F829-2D6E-4500-ADC9-E12A0E2CD954}.Debug|Any CPU.Build.0 = Debug|Any CPU
		{0B17F829-2D6E-4500-ADC9-E12A0E2CD954}.Release|Any CPU.ActiveCfg = Release|Any CPU
		{0B17F829-2D6E-4500-ADC9-E12A0E2CD954}.Release|Any CPU.Build.0 = Release|Any CPU
	EndGlobalSection
	GlobalSection(SolutionProperties) = preSolution
		HideSolutionNode = FALSE
	EndGlobalSection
	GlobalSection(ExtensibilityGlobals) = postSolution
		SolutionGuid = {1F8C2D6E-4650-4DF0-B283-826DD0BE10E9}
	EndGlobalSection
EndGlobal
