
Microsoft Visual Studio Solution File, Format Version 12.00
# Visual Studio 15
VisualStudioVersion = 15.0.26730.15
MinimumVisualStudioVersion = 10.0.40219.1
Project("{FAE04EC0-301F-11D3-BF4B-00C04F79EFBC}") = "lists-lab", "lists-lab\lists-lab.csproj", "{F2F6FEDC-A0D0-4BDB-ABC6-1248997F52F2}"
EndProject
Project("{FAE04EC0-301F-11D3-BF4B-00C04F79EFBC}") = "2", "2\2.csproj", "{81849E9B-5BDA-48C4-925B-B8965AE1D702}"
EndProject
Project("{FAE04EC0-301F-11D3-BF4B-00C04F79EFBC}") = "3", "3\3.csproj", "{9184BD98-435C-43D7-B642-0032CE2AC73D}"
EndProject
Project("{FAE04EC0-301F-11D3-BF4B-00C04F79EFBC}") = "4", "4\4.csproj", "{D035BC30-0A9B-4C17-AB24-77F3455596B4}"
EndProject
Project("{FAE04EC0-301F-11D3-BF4B-00C04F79EFBC}") = "5", "5\5.csproj", "{B2BAF305-AF93-48FB-9D4D-4BF0443B4C82}"
EndProject
Project("{FAE04EC0-301F-11D3-BF4B-00C04F79EFBC}") = "16", "16\16.csproj", "{3F9BEB76-065A-4B16-8EB9-B0597506B2D3}"
EndProject
Project("{FAE04EC0-301F-11D3-BF4B-00C04F79EFBC}") = "7", "7\7.csproj", "{DEE1894E-58F5-4EE1-A749-43D11443C46F}"
EndProject
Global
	GlobalSection(SolutionConfigurationPlatforms) = preSolution
		Debug|Any CPU = Debug|Any CPU
		Release|Any CPU = Release|Any CPU
	EndGlobalSection
	GlobalSection(ProjectConfigurationPlatforms) = postSolution
		{F2F6FEDC-A0D0-4BDB-ABC6-1248997F52F2}.Debug|Any CPU.ActiveCfg = Debug|Any CPU
		{F2F6FEDC-A0D0-4BDB-ABC6-1248997F52F2}.Debug|Any CPU.Build.0 = Debug|Any CPU
		{F2F6FEDC-A0D0-4BDB-ABC6-1248997F52F2}.Release|Any CPU.ActiveCfg = Release|Any CPU
		{F2F6FEDC-A0D0-4BDB-ABC6-1248997F52F2}.Release|Any CPU.Build.0 = Release|Any CPU
		{81849E9B-5BDA-48C4-925B-B8965AE1D702}.Debug|Any CPU.ActiveCfg = Debug|Any CPU
		{81849E9B-5BDA-48C4-925B-B8965AE1D702}.Debug|Any CPU.Build.0 = Debug|Any CPU
		{81849E9B-5BDA-48C4-925B-B8965AE1D702}.Release|Any CPU.ActiveCfg = Release|Any CPU
		{81849E9B-5BDA-48C4-925B-B8965AE1D702}.Release|Any CPU.Build.0 = Release|Any CPU
		{9184BD98-435C-43D7-B642-0032CE2AC73D}.Debug|Any CPU.ActiveCfg = Debug|Any CPU
		{9184BD98-435C-43D7-B642-0032CE2AC73D}.Debug|Any CPU.Build.0 = Debug|Any CPU
		{9184BD98-435C-43D7-B642-0032CE2AC73D}.Release|Any CPU.ActiveCfg = Release|Any CPU
		{9184BD98-435C-43D7-B642-0032CE2AC73D}.Release|Any CPU.Build.0 = Release|Any CPU
		{D035BC30-0A9B-4C17-AB24-77F3455596B4}.Debug|Any CPU.ActiveCfg = Debug|Any CPU
		{D035BC30-0A9B-4C17-AB24-77F3455596B4}.Debug|Any CPU.Build.0 = Debug|Any CPU
		{D035BC30-0A9B-4C17-AB24-77F3455596B4}.Release|Any CPU.ActiveCfg = Release|Any CPU
		{D035BC30-0A9B-4C17-AB24-77F3455596B4}.Release|Any CPU.Build.0 = Release|Any CPU
		{B2BAF305-AF93-48FB-9D4D-4BF0443B4C82}.Debug|Any CPU.ActiveCfg = Debug|Any CPU
		{B2BAF305-AF93-48FB-9D4D-4BF0443B4C82}.Debug|Any CPU.Build.0 = Debug|Any CPU
		{B2BAF305-AF93-48FB-9D4D-4BF0443B4C82}.Release|Any CPU.ActiveCfg = Release|Any CPU
		{B2BAF305-AF93-48FB-9D4D-4BF0443B4C82}.Release|Any CPU.Build.0 = Release|Any CPU
		{3F9BEB76-065A-4B16-8EB9-B0597506B2D3}.Debug|Any CPU.ActiveCfg = Debug|Any CPU
		{3F9BEB76-065A-4B16-8EB9-B0597506B2D3}.Debug|Any CPU.Build.0 = Debug|Any CPU
		{3F9BEB76-065A-4B16-8EB9-B0597506B2D3}.Release|Any CPU.ActiveCfg = Release|Any CPU
		{3F9BEB76-065A-4B16-8EB9-B0597506B2D3}.Release|Any CPU.Build.0 = Release|Any CPU
		{DEE1894E-58F5-4EE1-A749-43D11443C46F}.Debug|Any CPU.ActiveCfg = Debug|Any CPU
		{DEE1894E-58F5-4EE1-A749-43D11443C46F}.Debug|Any CPU.Build.0 = Debug|Any CPU
		{DEE1894E-58F5-4EE1-A749-43D11443C46F}.Release|Any CPU.ActiveCfg = Release|Any CPU
		{DEE1894E-58F5-4EE1-A749-43D11443C46F}.Release|Any CPU.Build.0 = Release|Any CPU
	EndGlobalSection
	GlobalSection(SolutionProperties) = preSolution
		HideSolutionNode = FALSE
	EndGlobalSection
	GlobalSection(ExtensibilityGlobals) = postSolution
		SolutionGuid = {754FBD74-E9B6-4AD1-9390-09F8355D8C64}
	EndGlobalSection
EndGlobal
