
Microsoft Visual Studio Solution File, Format Version 12.00
# Visual Studio 15
VisualStudioVersion = 15.0.27130.2026
MinimumVisualStudioVersion = 10.0.40219.1
Project("{FAE04EC0-301F-11D3-BF4B-00C04F79EFBC}") = "Greedy times", "Greedy times\Greedy times.csproj", "{9242B00F-CAB4-4CE9-B382-CEA9137F3CDD}"
EndProject
Global
	GlobalSection(SolutionConfigurationPlatforms) = preSolution
		Debug|Any CPU = Debug|Any CPU
		Release|Any CPU = Release|Any CPU
	EndGlobalSection
	GlobalSection(ProjectConfigurationPlatforms) = postSolution
		{9242B00F-CAB4-4CE9-B382-CEA9137F3CDD}.Debug|Any CPU.ActiveCfg = Debug|Any CPU
		{9242B00F-CAB4-4CE9-B382-CEA9137F3CDD}.Debug|Any CPU.Build.0 = Debug|Any CPU
		{9242B00F-CAB4-4CE9-B382-CEA9137F3CDD}.Release|Any CPU.ActiveCfg = Release|Any CPU
		{9242B00F-CAB4-4CE9-B382-CEA9137F3CDD}.Release|Any CPU.Build.0 = Release|Any CPU
	EndGlobalSection
	GlobalSection(SolutionProperties) = preSolution
		HideSolutionNode = FALSE
	EndGlobalSection
	GlobalSection(ExtensibilityGlobals) = postSolution
		SolutionGuid = {F2A50F1B-A834-4B7A-B799-B9430A9DDC36}
	EndGlobalSection
EndGlobal
