
Microsoft Visual Studio Solution File, Format Version 12.00
# Visual Studio 15
VisualStudioVersion = 15.0.27130.2026
MinimumVisualStudioVersion = 10.0.40219.1
Project("{FAE04EC0-301F-11D3-BF4B-00C04F79EFBC}") = "BookShop", "BookShop\BookShop.csproj", "{B06B1656-3554-4896-9A13-FAEF1799A560}"
EndProject
Global
	GlobalSection(SolutionConfigurationPlatforms) = preSolution
		Debug|Any CPU = Debug|Any CPU
		Release|Any CPU = Release|Any CPU
	EndGlobalSection
	GlobalSection(ProjectConfigurationPlatforms) = postSolution
		{B06B1656-3554-4896-9A13-FAEF1799A560}.Debug|Any CPU.ActiveCfg = Debug|Any CPU
		{B06B1656-3554-4896-9A13-FAEF1799A560}.Debug|Any CPU.Build.0 = Debug|Any CPU
		{B06B1656-3554-4896-9A13-FAEF1799A560}.Release|Any CPU.ActiveCfg = Release|Any CPU
		{B06B1656-3554-4896-9A13-FAEF1799A560}.Release|Any CPU.Build.0 = Release|Any CPU
	EndGlobalSection
	GlobalSection(SolutionProperties) = preSolution
		HideSolutionNode = FALSE
	EndGlobalSection
	GlobalSection(ExtensibilityGlobals) = postSolution
		SolutionGuid = {469F3597-F8CE-4D63-AA98-8144009261AC}
	EndGlobalSection
EndGlobal
