
Microsoft Visual Studio Solution File, Format Version 12.00
# Visual Studio 14
VisualStudioVersion = 14.0.25420.1
MinimumVisualStudioVersion = 10.0.40219.1
Project("{FAE04EC0-301F-11D3-BF4B-00C04F79EFBC}") = "28.08.16-6", "28.08.16-6\28.08.16-6.csproj", "{AB12F163-6EEF-4EE1-BAE2-F6C34D026110}"
EndProject
Global
	GlobalSection(SolutionConfigurationPlatforms) = preSolution
		Debug|Any CPU = Debug|Any CPU
		Release|Any CPU = Release|Any CPU
	EndGlobalSection
	GlobalSection(ProjectConfigurationPlatforms) = postSolution
		{AB12F163-6EEF-4EE1-BAE2-F6C34D026110}.Debug|Any CPU.ActiveCfg = Debug|Any CPU
		{AB12F163-6EEF-4EE1-BAE2-F6C34D026110}.Debug|Any CPU.Build.0 = Debug|Any CPU
		{AB12F163-6EEF-4EE1-BAE2-F6C34D026110}.Release|Any CPU.ActiveCfg = Release|Any CPU
		{AB12F163-6EEF-4EE1-BAE2-F6C34D026110}.Release|Any CPU.Build.0 = Release|Any CPU
	EndGlobalSection
	GlobalSection(SolutionProperties) = preSolution
		HideSolutionNode = FALSE
	EndGlobalSection
EndGlobal
