
Microsoft Visual Studio Solution File, Format Version 12.00
# Visual Studio 14
VisualStudioVersion = 14.0.25420.1
MinimumVisualStudioVersion = 10.0.40219.1
Project("{FAE04EC0-301F-11D3-BF4B-00C04F79EFBC}") = "19.03.17-2", "19.03.17-2\19.03.17-2.csproj", "{4ECBE2F0-2982-489C-9F38-BAE9A04BC2EE}"
EndProject
Global
	GlobalSection(SolutionConfigurationPlatforms) = preSolution
		Debug|Any CPU = Debug|Any CPU
		Release|Any CPU = Release|Any CPU
	EndGlobalSection
	GlobalSection(ProjectConfigurationPlatforms) = postSolution
		{4ECBE2F0-2982-489C-9F38-BAE9A04BC2EE}.Debug|Any CPU.ActiveCfg = Debug|Any CPU
		{4ECBE2F0-2982-489C-9F38-BAE9A04BC2EE}.Debug|Any CPU.Build.0 = Debug|Any CPU
		{4ECBE2F0-2982-489C-9F38-BAE9A04BC2EE}.Release|Any CPU.ActiveCfg = Release|Any CPU
		{4ECBE2F0-2982-489C-9F38-BAE9A04BC2EE}.Release|Any CPU.Build.0 = Release|Any CPU
	EndGlobalSection
	GlobalSection(SolutionProperties) = preSolution
		HideSolutionNode = FALSE
	EndGlobalSection
EndGlobal
