
Microsoft Visual Studio Solution File, Format Version 12.00
# Visual Studio 15
VisualStudioVersion = 15.0.26730.15
MinimumVisualStudioVersion = 10.0.40219.1
Project("{FAE04EC0-301F-11D3-BF4B-00C04F79EFBC}") = "IBS.3", "IBS.3\IBS.3.csproj", "{64C6F317-14CE-4D11-9B40-80E04B2E2430}"
EndProject
Global
	GlobalSection(SolutionConfigurationPlatforms) = preSolution
		Debug|Any CPU = Debug|Any CPU
		Release|Any CPU = Release|Any CPU
	EndGlobalSection
	GlobalSection(ProjectConfigurationPlatforms) = postSolution
		{64C6F317-14CE-4D11-9B40-80E04B2E2430}.Debug|Any CPU.ActiveCfg = Debug|Any CPU
		{64C6F317-14CE-4D11-9B40-80E04B2E2430}.Debug|Any CPU.Build.0 = Debug|Any CPU
		{64C6F317-14CE-4D11-9B40-80E04B2E2430}.Release|Any CPU.ActiveCfg = Release|Any CPU
		{64C6F317-14CE-4D11-9B40-80E04B2E2430}.Release|Any CPU.Build.0 = Release|Any CPU
	EndGlobalSection
	GlobalSection(SolutionProperties) = preSolution
		HideSolutionNode = FALSE
	EndGlobalSection
	GlobalSection(ExtensibilityGlobals) = postSolution
		SolutionGuid = {46859019-F559-4FD3-86A0-0658B23F228C}
	EndGlobalSection
EndGlobal
