
Microsoft Visual Studio Solution File, Format Version 12.00
# Visual Studio 15
VisualStudioVersion = 15.0.26730.15
MinimumVisualStudioVersion = 10.0.40219.1
Project("{FAE04EC0-301F-11D3-BF4B-00C04F79EFBC}") = "elevator", "elevator\elevator.csproj", "{8B9B48F7-30CB-44AF-AF8F-63C3F40CFE1E}"
EndProject
Global
	GlobalSection(SolutionConfigurationPlatforms) = preSolution
		Debug|Any CPU = Debug|Any CPU
		Release|Any CPU = Release|Any CPU
	EndGlobalSection
	GlobalSection(ProjectConfigurationPlatforms) = postSolution
		{8B9B48F7-30CB-44AF-AF8F-63C3F40CFE1E}.Debug|Any CPU.ActiveCfg = Debug|Any CPU
		{8B9B48F7-30CB-44AF-AF8F-63C3F40CFE1E}.Debug|Any CPU.Build.0 = Debug|Any CPU
		{8B9B48F7-30CB-44AF-AF8F-63C3F40CFE1E}.Release|Any CPU.ActiveCfg = Release|Any CPU
		{8B9B48F7-30CB-44AF-AF8F-63C3F40CFE1E}.Release|Any CPU.Build.0 = Release|Any CPU
	EndGlobalSection
	GlobalSection(SolutionProperties) = preSolution
		HideSolutionNode = FALSE
	EndGlobalSection
	GlobalSection(ExtensibilityGlobals) = postSolution
		SolutionGuid = {7FF8C93F-5B5D-4777-8939-A6ABA9D53FF6}
	EndGlobalSection
EndGlobal
