
Microsoft Visual Studio Solution File, Format Version 12.00
# Visual Studio 15
VisualStudioVersion = 15.0.27130.2026
MinimumVisualStudioVersion = 10.0.40219.1
Project("{FAE04EC0-301F-11D3-BF4B-00C04F79EFBC}") = "OpinionPoll", "OpinionPoll\OpinionPoll.csproj", "{51D47A88-58E6-4BFB-9C74-6E9FBCED343F}"
EndProject
Global
	GlobalSection(SolutionConfigurationPlatforms) = preSolution
		Debug|Any CPU = Debug|Any CPU
		Release|Any CPU = Release|Any CPU
	EndGlobalSection
	GlobalSection(ProjectConfigurationPlatforms) = postSolution
		{51D47A88-58E6-4BFB-9C74-6E9FBCED343F}.Debug|Any CPU.ActiveCfg = Debug|Any CPU
		{51D47A88-58E6-4BFB-9C74-6E9FBCED343F}.Debug|Any CPU.Build.0 = Debug|Any CPU
		{51D47A88-58E6-4BFB-9C74-6E9FBCED343F}.Release|Any CPU.ActiveCfg = Release|Any CPU
		{51D47A88-58E6-4BFB-9C74-6E9FBCED343F}.Release|Any CPU.Build.0 = Release|Any CPU
	EndGlobalSection
	GlobalSection(SolutionProperties) = preSolution
		HideSolutionNode = FALSE
	EndGlobalSection
	GlobalSection(ExtensibilityGlobals) = postSolution
		SolutionGuid = {4C051624-C78A-4816-997F-D6E961790F9D}
	EndGlobalSection
EndGlobal
