
Microsoft Visual Studio Solution File, Format Version 12.00
# Visual Studio 14
VisualStudioVersion = 14.0.25420.1
MinimumVisualStudioVersion = 10.0.40219.1
Project("{FAE04EC0-301F-11D3-BF4B-00C04F79EFBC}") = "17.07.16-6", "17.07.16-6\17.07.16-6.csproj", "{ECD73EB6-FF9B-479C-88CB-E7CA78A73321}"
EndProject
Global
	GlobalSection(SolutionConfigurationPlatforms) = preSolution
		Debug|Any CPU = Debug|Any CPU
		Release|Any CPU = Release|Any CPU
	EndGlobalSection
	GlobalSection(ProjectConfigurationPlatforms) = postSolution
		{ECD73EB6-FF9B-479C-88CB-E7CA78A73321}.Debug|Any CPU.ActiveCfg = Debug|Any CPU
		{ECD73EB6-FF9B-479C-88CB-E7CA78A73321}.Debug|Any CPU.Build.0 = Debug|Any CPU
		{ECD73EB6-FF9B-479C-88CB-E7CA78A73321}.Release|Any CPU.ActiveCfg = Release|Any CPU
		{ECD73EB6-FF9B-479C-88CB-E7CA78A73321}.Release|Any CPU.Build.0 = Release|Any CPU
	EndGlobalSection
	GlobalSection(SolutionProperties) = preSolution
		HideSolutionNode = FALSE
	EndGlobalSection
EndGlobal
