
Microsoft Visual Studio Solution File, Format Version 12.00
# Visual Studio 15
VisualStudioVersion = 15.0.26730.15
MinimumVisualStudioVersion = 10.0.40219.1
Project("{FAE04EC0-301F-11D3-BF4B-00C04F79EFBC}") = "DTV-4", "DTV-4\DTV-4.csproj", "{0F88C360-31E0-46EC-A721-370D74CB23A7}"
EndProject
Global
	GlobalSection(SolutionConfigurationPlatforms) = preSolution
		Debug|Any CPU = Debug|Any CPU
		Release|Any CPU = Release|Any CPU
	EndGlobalSection
	GlobalSection(ProjectConfigurationPlatforms) = postSolution
		{0F88C360-31E0-46EC-A721-370D74CB23A7}.Debug|Any CPU.ActiveCfg = Debug|Any CPU
		{0F88C360-31E0-46EC-A721-370D74CB23A7}.Debug|Any CPU.Build.0 = Debug|Any CPU
		{0F88C360-31E0-46EC-A721-370D74CB23A7}.Release|Any CPU.ActiveCfg = Release|Any CPU
		{0F88C360-31E0-46EC-A721-370D74CB23A7}.Release|Any CPU.Build.0 = Release|Any CPU
	EndGlobalSection
	GlobalSection(SolutionProperties) = preSolution
		HideSolutionNode = FALSE
	EndGlobalSection
	GlobalSection(ExtensibilityGlobals) = postSolution
		SolutionGuid = {B5BCD445-5C41-4F4B-81CF-0B4E0C13EF4B}
	EndGlobalSection
EndGlobal
