
Microsoft Visual Studio Solution File, Format Version 12.00
# Visual Studio 15
VisualStudioVersion = 15.0.26730.15
MinimumVisualStudioVersion = 10.0.40219.1
Project("{FAE04EC0-301F-11D3-BF4B-00C04F79EFBC}") = "DTV-4", "DTV-4\DTV-4.csproj", "{0F88C360-31E0-46EC-A721-370D74CB23A7}"
EndProject
Project("{FAE04EC0-301F-11D3-BF4B-00C04F79EFBC}") = "DTV-6", "DTV-6\DTV-6.csproj", "{A086B7E2-4514-4AB2-99F1-434F156AEDB3}"
EndProject
Project("{FAE04EC0-301F-11D3-BF4B-00C04F79EFBC}") = "DTV-7", "DTV-7\DTV-7.csproj", "{6157B2B8-8DC7-4398-8F37-1484C86CE30F}"
EndProject
Project("{FAE04EC0-301F-11D3-BF4B-00C04F79EFBC}") = "DTV-8", "DTV-8\DTV-8.csproj", "{669593D1-6595-4720-B428-E33A873EFD47}"
EndProject
Project("{FAE04EC0-301F-11D3-BF4B-00C04F79EFBC}") = "DTV-9", "DTV-9\DTV-9.csproj", "{6B2A705F-A7A7-4BF4-8D71-466C061346F7}"
EndProject
Project("{FAE04EC0-301F-11D3-BF4B-00C04F79EFBC}") = "DTV-10", "DTV-10\DTV-10.csproj", "{2C8A804A-A0B8-4A9D-BC35-2C2D1AC54571}"
EndProject
Project("{FAE04EC0-301F-11D3-BF4B-00C04F79EFBC}") = "DTV-11", "DTV-11\DTV-11.csproj", "{2C1F7A24-B4A0-46FC-9F05-717AA6019554}"
EndProject
Project("{FAE04EC0-301F-11D3-BF4B-00C04F79EFBC}") = "DTV-12", "DTV-12\DTV-12.csproj", "{7DF86307-A57D-4AD0-9225-4952303A5037}"
EndProject
Project("{FAE04EC0-301F-11D3-BF4B-00C04F79EFBC}") = "DTV-13", "DTV-13\DTV-13.csproj", "{147C6721-2A3F-4834-81BE-BCDF6F278D24}"
EndProject
Project("{FAE04EC0-301F-11D3-BF4B-00C04F79EFBC}") = "DTV-14", "DTV-14\DTV-14.csproj", "{62687C31-2684-4178-B209-FF022FB6E857}"
EndProject
Project("{FAE04EC0-301F-11D3-BF4B-00C04F79EFBC}") = "DTV-15", "DTV-15\DTV-15.csproj", "{4B257CFC-C28B-48C8-9D9B-E314D2E993B2}"
EndProject
Project("{FAE04EC0-301F-11D3-BF4B-00C04F79EFBC}") = "DTV-17", "DTV-17\DTV-17.csproj", "{D268B675-F66E-4712-9A62-8764E54EF959}"
EndProject
Global
	GlobalSection(SolutionConfigurationPlatforms) = preSolution
		Debug|Any CPU = Debug|Any CPU
		Release|Any CPU = Release|Any CPU
	EndGlobalSection
	GlobalSection(ProjectConfigurationPlatforms) = postSolution
		{0F88C360-31E0-46EC-A721-370D74CB23A7}.Debug|Any CPU.ActiveCfg = Debug|Any CPU
		{0F88C360-31E0-46EC-A721-370D74CB23A7}.Debug|Any CPU.Build.0 = Debug|Any CPU
		{0F88C360-31E0-46EC-A721-370D74CB23A7}.Release|Any CPU.ActiveCfg = Release|Any CPU
		{0F88C360-31E0-46EC-A721-370D74CB23A7}.Release|Any CPU.Build.0 = Release|Any CPU
		{A086B7E2-4514-4AB2-99F1-434F156AEDB3}.Debug|Any CPU.ActiveCfg = Debug|Any CPU
		{A086B7E2-4514-4AB2-99F1-434F156AEDB3}.Debug|Any CPU.Build.0 = Debug|Any CPU
		{A086B7E2-4514-4AB2-99F1-434F156AEDB3}.Release|Any CPU.ActiveCfg = Release|Any CPU
		{A086B7E2-4514-4AB2-99F1-434F156AEDB3}.Release|Any CPU.Build.0 = Release|Any CPU
		{6157B2B8-8DC7-4398-8F37-1484C86CE30F}.Debug|Any CPU.ActiveCfg = Debug|Any CPU
		{6157B2B8-8DC7-4398-8F37-1484C86CE30F}.Debug|Any CPU.Build.0 = Debug|Any CPU
		{6157B2B8-8DC7-4398-8F37-1484C86CE30F}.Release|Any CPU.ActiveCfg = Release|Any CPU
		{6157B2B8-8DC7-4398-8F37-1484C86CE30F}.Release|Any CPU.Build.0 = Release|Any CPU
		{669593D1-6595-4720-B428-E33A873EFD47}.Debug|Any CPU.ActiveCfg = Debug|Any CPU
		{669593D1-6595-4720-B428-E33A873EFD47}.Debug|Any CPU.Build.0 = Debug|Any CPU
		{669593D1-6595-4720-B428-E33A873EFD47}.Release|Any CPU.ActiveCfg = Release|Any CPU
		{669593D1-6595-4720-B428-E33A873EFD47}.Release|Any CPU.Build.0 = Release|Any CPU
		{6B2A705F-A7A7-4BF4-8D71-466C061346F7}.Debug|Any CPU.ActiveCfg = Debug|Any CPU
		{6B2A705F-A7A7-4BF4-8D71-466C061346F7}.Debug|Any CPU.Build.0 = Debug|Any CPU
		{6B2A705F-A7A7-4BF4-8D71-466C061346F7}.Release|Any CPU.ActiveCfg = Release|Any CPU
		{6B2A705F-A7A7-4BF4-8D71-466C061346F7}.Release|Any CPU.Build.0 = Release|Any CPU
		{2C8A804A-A0B8-4A9D-BC35-2C2D1AC54571}.Debug|Any CPU.ActiveCfg = Debug|Any CPU
		{2C8A804A-A0B8-4A9D-BC35-2C2D1AC54571}.Debug|Any CPU.Build.0 = Debug|Any CPU
		{2C8A804A-A0B8-4A9D-BC35-2C2D1AC54571}.Release|Any CPU.ActiveCfg = Release|Any CPU
		{2C8A804A-A0B8-4A9D-BC35-2C2D1AC54571}.Release|Any CPU.Build.0 = Release|Any CPU
		{2C1F7A24-B4A0-46FC-9F05-717AA6019554}.Debug|Any CPU.ActiveCfg = Debug|Any CPU
		{2C1F7A24-B4A0-46FC-9F05-717AA6019554}.Debug|Any CPU.Build.0 = Debug|Any CPU
		{2C1F7A24-B4A0-46FC-9F05-717AA6019554}.Release|Any CPU.ActiveCfg = Release|Any CPU
		{2C1F7A24-B4A0-46FC-9F05-717AA6019554}.Release|Any CPU.Build.0 = Release|Any CPU
		{7DF86307-A57D-4AD0-9225-4952303A5037}.Debug|Any CPU.ActiveCfg = Debug|Any CPU
		{7DF86307-A57D-4AD0-9225-4952303A5037}.Debug|Any CPU.Build.0 = Debug|Any CPU
		{7DF86307-A57D-4AD0-9225-4952303A5037}.Release|Any CPU.ActiveCfg = Release|Any CPU
		{7DF86307-A57D-4AD0-9225-4952303A5037}.Release|Any CPU.Build.0 = Release|Any CPU
		{147C6721-2A3F-4834-81BE-BCDF6F278D24}.Debug|Any CPU.ActiveCfg = Debug|Any CPU
		{147C6721-2A3F-4834-81BE-BCDF6F278D24}.Debug|Any CPU.Build.0 = Debug|Any CPU
		{147C6721-2A3F-4834-81BE-BCDF6F278D24}.Release|Any CPU.ActiveCfg = Release|Any CPU
		{147C6721-2A3F-4834-81BE-BCDF6F278D24}.Release|Any CPU.Build.0 = Release|Any CPU
		{62687C31-2684-4178-B209-FF022FB6E857}.Debug|Any CPU.ActiveCfg = Debug|Any CPU
		{62687C31-2684-4178-B209-FF022FB6E857}.Debug|Any CPU.Build.0 = Debug|Any CPU
		{62687C31-2684-4178-B209-FF022FB6E857}.Release|Any CPU.ActiveCfg = Release|Any CPU
		{62687C31-2684-4178-B209-FF022FB6E857}.Release|Any CPU.Build.0 = Release|Any CPU
		{4B257CFC-C28B-48C8-9D9B-E314D2E993B2}.Debug|Any CPU.ActiveCfg = Debug|Any CPU
		{4B257CFC-C28B-48C8-9D9B-E314D2E993B2}.Debug|Any CPU.Build.0 = Debug|Any CPU
		{4B257CFC-C28B-48C8-9D9B-E314D2E993B2}.Release|Any CPU.ActiveCfg = Release|Any CPU
		{4B257CFC-C28B-48C8-9D9B-E314D2E993B2}.Release|Any CPU.Build.0 = Release|Any CPU
		{D268B675-F66E-4712-9A62-8764E54EF959}.Debug|Any CPU.ActiveCfg = Debug|Any CPU
		{D268B675-F66E-4712-9A62-8764E54EF959}.Debug|Any CPU.Build.0 = Debug|Any CPU
		{D268B675-F66E-4712-9A62-8764E54EF959}.Release|Any CPU.ActiveCfg = Release|Any CPU
		{D268B675-F66E-4712-9A62-8764E54EF959}.Release|Any CPU.Build.0 = Release|Any CPU
	EndGlobalSection
	GlobalSection(SolutionProperties) = preSolution
		HideSolutionNode = FALSE
	EndGlobalSection
	GlobalSection(ExtensibilityGlobals) = postSolution
		SolutionGuid = {B5BCD445-5C41-4F4B-81CF-0B4E0C13EF4B}
	EndGlobalSection
EndGlobal
