
Microsoft Visual Studio Solution File, Format Version 12.00
# Visual Studio 15
VisualStudioVersion = 15.0.27130.2026
MinimumVisualStudioVersion = 10.0.40219.1
Project("{FAE04EC0-301F-11D3-BF4B-00C04F79EFBC}") = "Monopoly", "Monopoly\Monopoly.csproj", "{B0FFE8D5-0BDE-45F8-B85B-F5D69110DAFA}"
EndProject
Global
	GlobalSection(SolutionConfigurationPlatforms) = preSolution
		Debug|Any CPU = Debug|Any CPU
		Release|Any CPU = Release|Any CPU
	EndGlobalSection
	GlobalSection(ProjectConfigurationPlatforms) = postSolution
		{B0FFE8D5-0BDE-45F8-B85B-F5D69110DAFA}.Debug|Any CPU.ActiveCfg = Debug|Any CPU
		{B0FFE8D5-0BDE-45F8-B85B-F5D69110DAFA}.Debug|Any CPU.Build.0 = Debug|Any CPU
		{B0FFE8D5-0BDE-45F8-B85B-F5D69110DAFA}.Release|Any CPU.ActiveCfg = Release|Any CPU
		{B0FFE8D5-0BDE-45F8-B85B-F5D69110DAFA}.Release|Any CPU.Build.0 = Release|Any CPU
	EndGlobalSection
	GlobalSection(SolutionProperties) = preSolution
		HideSolutionNode = FALSE
	EndGlobalSection
	GlobalSection(ExtensibilityGlobals) = postSolution
		SolutionGuid = {88420619-2DAC-4845-B16A-C6D1CE64327C}
	EndGlobalSection
EndGlobal
