
Microsoft Visual Studio Solution File, Format Version 12.00
# Visual Studio 15
VisualStudioVersion = 15.0.26730.15
MinimumVisualStudioVersion = 10.0.40219.1
Project("{FAE04EC0-301F-11D3-BF4B-00C04F79EFBC}") = "IBS.2", "IBS.2\IBS.2.csproj", "{00753CEA-AE16-4AB7-B7C4-3F7F4F4BA08E}"
EndProject
Global
	GlobalSection(SolutionConfigurationPlatforms) = preSolution
		Debug|Any CPU = Debug|Any CPU
		Release|Any CPU = Release|Any CPU
	EndGlobalSection
	GlobalSection(ProjectConfigurationPlatforms) = postSolution
		{00753CEA-AE16-4AB7-B7C4-3F7F4F4BA08E}.Debug|Any CPU.ActiveCfg = Debug|Any CPU
		{00753CEA-AE16-4AB7-B7C4-3F7F4F4BA08E}.Debug|Any CPU.Build.0 = Debug|Any CPU
		{00753CEA-AE16-4AB7-B7C4-3F7F4F4BA08E}.Release|Any CPU.ActiveCfg = Release|Any CPU
		{00753CEA-AE16-4AB7-B7C4-3F7F4F4BA08E}.Release|Any CPU.Build.0 = Release|Any CPU
	EndGlobalSection
	GlobalSection(SolutionProperties) = preSolution
		HideSolutionNode = FALSE
	EndGlobalSection
	GlobalSection(ExtensibilityGlobals) = postSolution
		SolutionGuid = {F17C770D-2D64-47E1-9782-5F2800D72420}
	EndGlobalSection
EndGlobal
