
Microsoft Visual Studio Solution File, Format Version 12.00
# Visual Studio 15
VisualStudioVersion = 15.0.27130.2026
MinimumVisualStudioVersion = 10.0.40219.1
Project("{FAE04EC0-301F-11D3-BF4B-00C04F79EFBC}") = "defining classes", "defining classes\defining classes.csproj", "{42E72018-555E-453B-9433-8F6455BBFA61}"
EndProject
Global
	GlobalSection(SolutionConfigurationPlatforms) = preSolution
		Debug|Any CPU = Debug|Any CPU
		Release|Any CPU = Release|Any CPU
	EndGlobalSection
	GlobalSection(ProjectConfigurationPlatforms) = postSolution
		{42E72018-555E-453B-9433-8F6455BBFA61}.Debug|Any CPU.ActiveCfg = Debug|Any CPU
		{42E72018-555E-453B-9433-8F6455BBFA61}.Debug|Any CPU.Build.0 = Debug|Any CPU
		{42E72018-555E-453B-9433-8F6455BBFA61}.Release|Any CPU.ActiveCfg = Release|Any CPU
		{42E72018-555E-453B-9433-8F6455BBFA61}.Release|Any CPU.Build.0 = Release|Any CPU
	EndGlobalSection
	GlobalSection(SolutionProperties) = preSolution
		HideSolutionNode = FALSE
	EndGlobalSection
	GlobalSection(ExtensibilityGlobals) = postSolution
		SolutionGuid = {274983A0-D68A-4463-B34C-84C6055F729E}
	EndGlobalSection
EndGlobal
