
Microsoft Visual Studio Solution File, Format Version 12.00
# Visual Studio 14
VisualStudioVersion = 14.0.25420.1
MinimumVisualStudioVersion = 10.0.40219.1
Project("{FAE04EC0-301F-11D3-BF4B-00C04F79EFBC}") = "3.5", "3.5\3.5.csproj", "{C3CEE4C6-8E9D-4719-8DCC-3653FAB3BEC6}"
EndProject
Global
	GlobalSection(SolutionConfigurationPlatforms) = preSolution
		Debug|Any CPU = Debug|Any CPU
		Release|Any CPU = Release|Any CPU
	EndGlobalSection
	GlobalSection(ProjectConfigurationPlatforms) = postSolution
		{C3CEE4C6-8E9D-4719-8DCC-3653FAB3BEC6}.Debug|Any CPU.ActiveCfg = Debug|Any CPU
		{C3CEE4C6-8E9D-4719-8DCC-3653FAB3BEC6}.Debug|Any CPU.Build.0 = Debug|Any CPU
		{C3CEE4C6-8E9D-4719-8DCC-3653FAB3BEC6}.Release|Any CPU.ActiveCfg = Release|Any CPU
		{C3CEE4C6-8E9D-4719-8DCC-3653FAB3BEC6}.Release|Any CPU.Build.0 = Release|Any CPU
	EndGlobalSection
	GlobalSection(SolutionProperties) = preSolution
		HideSolutionNode = FALSE
	EndGlobalSection
EndGlobal
