
Microsoft Visual Studio Solution File, Format Version 12.00
# Visual Studio 14
VisualStudioVersion = 14.0.25420.1
MinimumVisualStudioVersion = 10.0.40219.1
Project("{FAE04EC0-301F-11D3-BF4B-00C04F79EFBC}") = "7.6", "7.6\7.6.csproj", "{80908FE0-7994-4032-A522-8DB9C3ECE2A2}"
EndProject
Global
	GlobalSection(SolutionConfigurationPlatforms) = preSolution
		Debug|Any CPU = Debug|Any CPU
		Release|Any CPU = Release|Any CPU
	EndGlobalSection
	GlobalSection(ProjectConfigurationPlatforms) = postSolution
		{80908FE0-7994-4032-A522-8DB9C3ECE2A2}.Debug|Any CPU.ActiveCfg = Debug|Any CPU
		{80908FE0-7994-4032-A522-8DB9C3ECE2A2}.Debug|Any CPU.Build.0 = Debug|Any CPU
		{80908FE0-7994-4032-A522-8DB9C3ECE2A2}.Release|Any CPU.ActiveCfg = Release|Any CPU
		{80908FE0-7994-4032-A522-8DB9C3ECE2A2}.Release|Any CPU.Build.0 = Release|Any CPU
	EndGlobalSection
	GlobalSection(SolutionProperties) = preSolution
		HideSolutionNode = FALSE
	EndGlobalSection
EndGlobal
