
Microsoft Visual Studio Solution File, Format Version 12.00
# Visual Studio 15
VisualStudioVersion = 15.0.26730.15
MinimumVisualStudioVersion = 10.0.40219.1
Project("{FAE04EC0-301F-11D3-BF4B-00C04F79EFBC}") = "anonymous downsite", "anonymous downsite\anonymous downsite.csproj", "{42A270E8-2C33-4FB5-AA74-DC9CF543B976}"
EndProject
Global
	GlobalSection(SolutionConfigurationPlatforms) = preSolution
		Debug|Any CPU = Debug|Any CPU
		Release|Any CPU = Release|Any CPU
	EndGlobalSection
	GlobalSection(ProjectConfigurationPlatforms) = postSolution
		{42A270E8-2C33-4FB5-AA74-DC9CF543B976}.Debug|Any CPU.ActiveCfg = Debug|Any CPU
		{42A270E8-2C33-4FB5-AA74-DC9CF543B976}.Debug|Any CPU.Build.0 = Debug|Any CPU
		{42A270E8-2C33-4FB5-AA74-DC9CF543B976}.Release|Any CPU.ActiveCfg = Release|Any CPU
		{42A270E8-2C33-4FB5-AA74-DC9CF543B976}.Release|Any CPU.Build.0 = Release|Any CPU
	EndGlobalSection
	GlobalSection(SolutionProperties) = preSolution
		HideSolutionNode = FALSE
	EndGlobalSection
	GlobalSection(ExtensibilityGlobals) = postSolution
		SolutionGuid = {D9895ED8-4882-40EC-8821-B7EB6B0222EF}
	EndGlobalSection
EndGlobal
