
Microsoft Visual Studio Solution File, Format Version 12.00
# Visual Studio 15
VisualStudioVersion = 15.0.27130.2026
MinimumVisualStudioVersion = 10.0.40219.1
Project("{FAE04EC0-301F-11D3-BF4B-00C04F79EFBC}") = "ClassBox", "ClassBox\ClassBox.csproj", "{B2ACA1C5-9957-49B4-8FB7-DF8AAA1BB8A4}"
EndProject
Global
	GlobalSection(SolutionConfigurationPlatforms) = preSolution
		Debug|Any CPU = Debug|Any CPU
		Release|Any CPU = Release|Any CPU
	EndGlobalSection
	GlobalSection(ProjectConfigurationPlatforms) = postSolution
		{B2ACA1C5-9957-49B4-8FB7-DF8AAA1BB8A4}.Debug|Any CPU.ActiveCfg = Debug|Any CPU
		{B2ACA1C5-9957-49B4-8FB7-DF8AAA1BB8A4}.Debug|Any CPU.Build.0 = Debug|Any CPU
		{B2ACA1C5-9957-49B4-8FB7-DF8AAA1BB8A4}.Release|Any CPU.ActiveCfg = Release|Any CPU
		{B2ACA1C5-9957-49B4-8FB7-DF8AAA1BB8A4}.Release|Any CPU.Build.0 = Release|Any CPU
	EndGlobalSection
	GlobalSection(SolutionProperties) = preSolution
		HideSolutionNode = FALSE
	EndGlobalSection
	GlobalSection(ExtensibilityGlobals) = postSolution
		SolutionGuid = {7F86AA3F-7CE0-4052-98A5-C63727E261E7}
	EndGlobalSection
EndGlobal
