
Microsoft Visual Studio Solution File, Format Version 12.00
# Visual Studio 14
VisualStudioVersion = 14.0.25420.1
MinimumVisualStudioVersion = 10.0.40219.1
Project("{FAE04EC0-301F-11D3-BF4B-00C04F79EFBC}") = "5.8", "5.8\5.8.csproj", "{262150FA-CB80-436B-8E0A-CB0967B2416A}"
EndProject
Global
	GlobalSection(SolutionConfigurationPlatforms) = preSolution
		Debug|Any CPU = Debug|Any CPU
		Release|Any CPU = Release|Any CPU
	EndGlobalSection
	GlobalSection(ProjectConfigurationPlatforms) = postSolution
		{262150FA-CB80-436B-8E0A-CB0967B2416A}.Debug|Any CPU.ActiveCfg = Debug|Any CPU
		{262150FA-CB80-436B-8E0A-CB0967B2416A}.Debug|Any CPU.Build.0 = Debug|Any CPU
		{262150FA-CB80-436B-8E0A-CB0967B2416A}.Release|Any CPU.ActiveCfg = Release|Any CPU
		{262150FA-CB80-436B-8E0A-CB0967B2416A}.Release|Any CPU.Build.0 = Release|Any CPU
	EndGlobalSection
	GlobalSection(SolutionProperties) = preSolution
		HideSolutionNode = FALSE
	EndGlobalSection
EndGlobal
