
Microsoft Visual Studio Solution File, Format Version 12.00
# Visual Studio 15
VisualStudioVersion = 15.0.26730.15
MinimumVisualStudioVersion = 10.0.40219.1
Project("{FAE04EC0-301F-11D3-BF4B-00C04F79EFBC}") = "hornet armada", "hornet armada\hornet armada.csproj", "{2FDE3173-FCDD-4FD0-9679-ABCC49FBF96E}"
EndProject
Global
	GlobalSection(SolutionConfigurationPlatforms) = preSolution
		Debug|Any CPU = Debug|Any CPU
		Release|Any CPU = Release|Any CPU
	EndGlobalSection
	GlobalSection(ProjectConfigurationPlatforms) = postSolution
		{2FDE3173-FCDD-4FD0-9679-ABCC49FBF96E}.Debug|Any CPU.ActiveCfg = Debug|Any CPU
		{2FDE3173-FCDD-4FD0-9679-ABCC49FBF96E}.Debug|Any CPU.Build.0 = Debug|Any CPU
		{2FDE3173-FCDD-4FD0-9679-ABCC49FBF96E}.Release|Any CPU.ActiveCfg = Release|Any CPU
		{2FDE3173-FCDD-4FD0-9679-ABCC49FBF96E}.Release|Any CPU.Build.0 = Release|Any CPU
	EndGlobalSection
	GlobalSection(SolutionProperties) = preSolution
		HideSolutionNode = FALSE
	EndGlobalSection
	GlobalSection(ExtensibilityGlobals) = postSolution
		SolutionGuid = {00F67F80-0B6F-4054-94DD-8BB55D496261}
	EndGlobalSection
EndGlobal
