
Microsoft Visual Studio Solution File, Format Version 12.00
# Visual Studio 15
VisualStudioVersion = 15.0.26730.15
MinimumVisualStudioVersion = 10.0.40219.1
Project("{FAE04EC0-301F-11D3-BF4B-00C04F79EFBC}") = "lists exercises", "lists exercises\lists exercises.csproj", "{F061BB25-38CF-42C5-907A-4EBF842CA417}"
EndProject
Project("{FAE04EC0-301F-11D3-BF4B-00C04F79EFBC}") = "2", "2\2.csproj", "{59352990-8AAA-43D5-BE32-AE5475F198C6}"
EndProject
Project("{FAE04EC0-301F-11D3-BF4B-00C04F79EFBC}") = "6", "6\6.csproj", "{310D77E1-824C-447B-B63D-25E7B49ACC83}"
EndProject
Project("{FAE04EC0-301F-11D3-BF4B-00C04F79EFBC}") = "3", "3\3.csproj", "{36CFBA99-E171-4FC9-B0E4-C4DAFECFE9C9}"
EndProject
Project("{FAE04EC0-301F-11D3-BF4B-00C04F79EFBC}") = "7", "7\7.csproj", "{6AC0DBF7-2235-4AFC-8A5F-56E51F54675B}"
EndProject
Global
	GlobalSection(SolutionConfigurationPlatforms) = preSolution
		Debug|Any CPU = Debug|Any CPU
		Release|Any CPU = Release|Any CPU
	EndGlobalSection
	GlobalSection(ProjectConfigurationPlatforms) = postSolution
		{F061BB25-38CF-42C5-907A-4EBF842CA417}.Debug|Any CPU.ActiveCfg = Debug|Any CPU
		{F061BB25-38CF-42C5-907A-4EBF842CA417}.Debug|Any CPU.Build.0 = Debug|Any CPU
		{F061BB25-38CF-42C5-907A-4EBF842CA417}.Release|Any CPU.ActiveCfg = Release|Any CPU
		{F061BB25-38CF-42C5-907A-4EBF842CA417}.Release|Any CPU.Build.0 = Release|Any CPU
		{59352990-8AAA-43D5-BE32-AE5475F198C6}.Debug|Any CPU.ActiveCfg = Debug|Any CPU
		{59352990-8AAA-43D5-BE32-AE5475F198C6}.Debug|Any CPU.Build.0 = Debug|Any CPU
		{59352990-8AAA-43D5-BE32-AE5475F198C6}.Release|Any CPU.ActiveCfg = Release|Any CPU
		{59352990-8AAA-43D5-BE32-AE5475F198C6}.Release|Any CPU.Build.0 = Release|Any CPU
		{310D77E1-824C-447B-B63D-25E7B49ACC83}.Debug|Any CPU.ActiveCfg = Debug|Any CPU
		{310D77E1-824C-447B-B63D-25E7B49ACC83}.Debug|Any CPU.Build.0 = Debug|Any CPU
		{310D77E1-824C-447B-B63D-25E7B49ACC83}.Release|Any CPU.ActiveCfg = Release|Any CPU
		{310D77E1-824C-447B-B63D-25E7B49ACC83}.Release|Any CPU.Build.0 = Release|Any CPU
		{36CFBA99-E171-4FC9-B0E4-C4DAFECFE9C9}.Debug|Any CPU.ActiveCfg = Debug|Any CPU
		{36CFBA99-E171-4FC9-B0E4-C4DAFECFE9C9}.Debug|Any CPU.Build.0 = Debug|Any CPU
		{36CFBA99-E171-4FC9-B0E4-C4DAFECFE9C9}.Release|Any CPU.ActiveCfg = Release|Any CPU
		{36CFBA99-E171-4FC9-B0E4-C4DAFECFE9C9}.Release|Any CPU.Build.0 = Release|Any CPU
		{6AC0DBF7-2235-4AFC-8A5F-56E51F54675B}.Debug|Any CPU.ActiveCfg = Debug|Any CPU
		{6AC0DBF7-2235-4AFC-8A5F-56E51F54675B}.Debug|Any CPU.Build.0 = Debug|Any CPU
		{6AC0DBF7-2235-4AFC-8A5F-56E51F54675B}.Release|Any CPU.ActiveCfg = Release|Any CPU
		{6AC0DBF7-2235-4AFC-8A5F-56E51F54675B}.Release|Any CPU.Build.0 = Release|Any CPU
	EndGlobalSection
	GlobalSection(SolutionProperties) = preSolution
		HideSolutionNode = FALSE
	EndGlobalSection
	GlobalSection(ExtensibilityGlobals) = postSolution
		SolutionGuid = {2A1BDFC0-2021-4063-9592-25AF29C28EB1}
	EndGlobalSection
EndGlobal
